
Microsoft Visual Studio Solution File, Format Version 12.00
# Visual Studio Version 17
VisualStudioVersion = 17.7.34221.43
MinimumVisualStudioVersion = 10.0.40219.1
Project("{FAE04EC0-301F-11D3-BF4B-00C04F79EFBC}") = "PlatformerDemo", "PlatformerDemo.csproj", "{056C941A-9CA7-4555-927D-FDC5167F0C88}"
EndProject
Global
	GlobalSection(SolutionConfigurationPlatforms) = preSolution
		Debug|Any CPU = Debug|Any CPU
		Release|Any CPU = Release|Any CPU
	EndGlobalSection
	GlobalSection(ProjectConfigurationPlatforms) = postSolution
		{056C941A-9CA7-4555-927D-FDC5167F0C88}.Debug|Any CPU.ActiveCfg = Debug|Any CPU
		{056C941A-9CA7-4555-927D-FDC5167F0C88}.Debug|Any CPU.Build.0 = Debug|Any CPU
		{056C941A-9CA7-4555-927D-FDC5167F0C88}.Release|Any CPU.ActiveCfg = Release|Any CPU
		{056C941A-9CA7-4555-927D-FDC5167F0C88}.Release|Any CPU.Build.0 = Release|Any CPU
	EndGlobalSection
	GlobalSection(SolutionProperties) = preSolution
		HideSolutionNode = FALSE
	EndGlobalSection
	GlobalSection(ExtensibilityGlobals) = postSolution
		SolutionGuid = {346CC475-456F-49D9-BFC3-19C483A9469F}
	EndGlobalSection
EndGlobal
